
Microsoft Visual Studio Solution File, Format Version 12.00
# Visual Studio Version 17
VisualStudioVersion = 17.14.36811.4 d17.14
MinimumVisualStudioVersion = 10.0.40219.1
Project("{FAE04EC0-301F-11D3-BF4B-00C04F79EFBC}") = "TestFont", "TestFont.csproj", "{181613FB-340C-4978-ACFA-4ED17DA97229}"
EndProject
Global
	GlobalSection(SolutionConfigurationPlatforms) = preSolution
		Debug|Any CPU = Debug|Any CPU
		Release|Any CPU = Release|Any CPU
	EndGlobalSection
	GlobalSection(ProjectConfigurationPlatforms) = postSolution
		{181613FB-340C-4978-ACFA-4ED17DA97229}.Debug|Any CPU.ActiveCfg = Debug|Any CPU
		{181613FB-340C-4978-ACFA-4ED17DA97229}.Debug|Any CPU.Build.0 = Debug|Any CPU
		{181613FB-340C-4978-ACFA-4ED17DA97229}.Release|Any CPU.ActiveCfg = Release|Any CPU
		{181613FB-340C-4978-ACFA-4ED17DA97229}.Release|Any CPU.Build.0 = Release|Any CPU
	EndGlobalSection
	GlobalSection(SolutionProperties) = preSolution
		HideSolutionNode = FALSE
	EndGlobalSection
	GlobalSection(ExtensibilityGlobals) = postSolution
		SolutionGuid = {E806FB99-2403-4B44-BBA4-C98019A9E9C4}
	EndGlobalSection
EndGlobal
